
Microsoft Visual Studio Solution File, Format Version 12.00
# Visual Studio Version 16
VisualStudioVersion = 16.0.28917.181
MinimumVisualStudioVersion = 10.0.40219.1
Project("{8BC9CEB8-8B4A-11D0-8D11-00A0C91BC942}") = "OperatorLogika__CPP", "OperatorLogika__CPP.vcxproj", "{ABF2B6C5-E6DE-4A90-8E77-B539C5C9F0A1}"
EndProject
Global
	GlobalSection(SolutionConfigurationPlatforms) = preSolution
		Debug|x64 = Debug|x64
		Debug|x86 = Debug|x86
		Release|x64 = Release|x64
		Release|x86 = Release|x86
	EndGlobalSection
	GlobalSection(ProjectConfigurationPlatforms) = postSolution
		{ABF2B6C5-E6DE-4A90-8E77-B539C5C9F0A1}.Debug|x64.ActiveCfg = Debug|x64
		{ABF2B6C5-E6DE-4A90-8E77-B539C5C9F0A1}.Debug|x64.Build.0 = Debug|x64
		{ABF2B6C5-E6DE-4A90-8E77-B539C5C9F0A1}.Debug|x86.ActiveCfg = Debug|Win32
		{ABF2B6C5-E6DE-4A90-8E77-B539C5C9F0A1}.Debug|x86.Build.0 = Debug|Win32
		{ABF2B6C5-E6DE-4A90-8E77-B539C5C9F0A1}.Release|x64.ActiveCfg = Release|x64
		{ABF2B6C5-E6DE-4A90-8E77-B539C5C9F0A1}.Release|x64.Build.0 = Release|x64
		{ABF2B6C5-E6DE-4A90-8E77-B539C5C9F0A1}.Release|x86.ActiveCfg = Release|Win32
		{ABF2B6C5-E6DE-4A90-8E77-B539C5C9F0A1}.Release|x86.Build.0 = Release|Win32
	EndGlobalSection
	GlobalSection(SolutionProperties) = preSolution
		HideSolutionNode = FALSE
	EndGlobalSection
	GlobalSection(ExtensibilityGlobals) = postSolution
		SolutionGuid = {CD8B6B79-884C-4175-BD5D-F772E2BF21F1}
	EndGlobalSection
EndGlobal
